
Microsoft Visual Studio Solution File, Format Version 12.00
# Visual Studio 2012
Project("{FAE04EC0-301F-11D3-BF4B-00C04F79EFBC}") = "CarMatrix", "CarMatrix\CarMatrix.csproj", "{717F6804-B06D-4351-999E-160B308C4FAC}"
EndProject
Project("{FAE04EC0-301F-11D3-BF4B-00C04F79EFBC}") = "CarMatrix.Tests", "CarMatrix.Tests\CarMatrix.Tests.csproj", "{9FE431F2-5DA5-4EFD-8A47-C464786E83D7}"
EndProject
Project("{FAE04EC0-301F-11D3-BF4B-00C04F79EFBC}") = "CarMatrixData", "CarMatrixData\CarMatrixData.csproj", "{DE10C897-7FD5-4656-9F0C-6F6EEC91CE9D}"
EndProject
Project("{FAE04EC0-301F-11D3-BF4B-00C04F79EFBC}") = "CarMatrixDataInit", "CarMatrixDataReader\CarMatrixDataInit.csproj", "{8EF761F5-EEC1-4D41-9670-99A613794DD3}"
EndProject
Project("{FAE04EC0-301F-11D3-BF4B-00C04F79EFBC}") = "CarMatrixCore", "CarMatrixCore\CarMatrixCore.csproj", "{1B15F41E-EED6-4AF2-A6EB-E3A611E6ECF8}"
EndProject
Project("{FAE04EC0-301F-11D3-BF4B-00C04F79EFBC}") = "CarMatrixServices", "CarMatrixServices\CarMatrixServices.csproj", "{4023B773-01EF-4E97-98D1-53DE830708EC}"
EndProject
Project("{2150E333-8FDC-42A3-9474-1A3956D46DE8}") = "01 Presetation", "01 Presetation", "{4AF24B8F-9587-4406-B64D-96F3F3449CAF}"
EndProject
Project("{2150E333-8FDC-42A3-9474-1A3956D46DE8}") = "02 Business Logic", "02 Business Logic", "{897CA167-46BA-442E-989E-E70075A2AA47}"
EndProject
Project("{2150E333-8FDC-42A3-9474-1A3956D46DE8}") = "03 Tools", "03 Tools", "{A5A7BBE5-14F4-4A74-A8D5-46778963BFBE}"
EndProject
Project("{2150E333-8FDC-42A3-9474-1A3956D46DE8}") = "04 Tests", "04 Tests", "{534ADD7B-AA4C-4CC2-9506-EE1E37E00F9D}"
EndProject
Project("{FAE04EC0-301F-11D3-BF4B-00C04F79EFBC}") = "CarMatrixDataInit.Tests", "CarMatrixDataInit.Tests\CarMatrixDataInit.Tests.csproj", "{EF0FD05D-630F-4FEB-93A2-D2F1BEADC6C9}"
EndProject
Global
	GlobalSection(SolutionConfigurationPlatforms) = preSolution
		Debug|Any CPU = Debug|Any CPU
		Release|Any CPU = Release|Any CPU
	EndGlobalSection
	GlobalSection(ProjectConfigurationPlatforms) = postSolution
		{717F6804-B06D-4351-999E-160B308C4FAC}.Debug|Any CPU.ActiveCfg = Debug|Any CPU
		{717F6804-B06D-4351-999E-160B308C4FAC}.Debug|Any CPU.Build.0 = Debug|Any CPU
		{717F6804-B06D-4351-999E-160B308C4FAC}.Release|Any CPU.ActiveCfg = Release|Any CPU
		{717F6804-B06D-4351-999E-160B308C4FAC}.Release|Any CPU.Build.0 = Release|Any CPU
		{9FE431F2-5DA5-4EFD-8A47-C464786E83D7}.Debug|Any CPU.ActiveCfg = Debug|Any CPU
		{9FE431F2-5DA5-4EFD-8A47-C464786E83D7}.Debug|Any CPU.Build.0 = Debug|Any CPU
		{9FE431F2-5DA5-4EFD-8A47-C464786E83D7}.Release|Any CPU.ActiveCfg = Release|Any CPU
		{9FE431F2-5DA5-4EFD-8A47-C464786E83D7}.Release|Any CPU.Build.0 = Release|Any CPU
		{DE10C897-7FD5-4656-9F0C-6F6EEC91CE9D}.Debug|Any CPU.ActiveCfg = Debug|Any CPU
		{DE10C897-7FD5-4656-9F0C-6F6EEC91CE9D}.Debug|Any CPU.Build.0 = Debug|Any CPU
		{DE10C897-7FD5-4656-9F0C-6F6EEC91CE9D}.Release|Any CPU.ActiveCfg = Release|Any CPU
		{DE10C897-7FD5-4656-9F0C-6F6EEC91CE9D}.Release|Any CPU.Build.0 = Release|Any CPU
		{8EF761F5-EEC1-4D41-9670-99A613794DD3}.Debug|Any CPU.ActiveCfg = Debug|Any CPU
		{8EF761F5-EEC1-4D41-9670-99A613794DD3}.Debug|Any CPU.Build.0 = Debug|Any CPU
		{8EF761F5-EEC1-4D41-9670-99A613794DD3}.Release|Any CPU.ActiveCfg = Release|Any CPU
		{8EF761F5-EEC1-4D41-9670-99A613794DD3}.Release|Any CPU.Build.0 = Release|Any CPU
		{1B15F41E-EED6-4AF2-A6EB-E3A611E6ECF8}.Debug|Any CPU.ActiveCfg = Debug|Any CPU
		{1B15F41E-EED6-4AF2-A6EB-E3A611E6ECF8}.Debug|Any CPU.Build.0 = Debug|Any CPU
		{1B15F41E-EED6-4AF2-A6EB-E3A611E6ECF8}.Release|Any CPU.ActiveCfg = Release|Any CPU
		{1B15F41E-EED6-4AF2-A6EB-E3A611E6ECF8}.Release|Any CPU.Build.0 = Release|Any CPU
		{4023B773-01EF-4E97-98D1-53DE830708EC}.Debug|Any CPU.ActiveCfg = Debug|Any CPU
		{4023B773-01EF-4E97-98D1-53DE830708EC}.Debug|Any CPU.Build.0 = Debug|Any CPU
		{4023B773-01EF-4E97-98D1-53DE830708EC}.Release|Any CPU.ActiveCfg = Release|Any CPU
		{4023B773-01EF-4E97-98D1-53DE830708EC}.Release|Any CPU.Build.0 = Release|Any CPU
		{EF0FD05D-630F-4FEB-93A2-D2F1BEADC6C9}.Debug|Any CPU.ActiveCfg = Debug|Any CPU
		{EF0FD05D-630F-4FEB-93A2-D2F1BEADC6C9}.Debug|Any CPU.Build.0 = Debug|Any CPU
		{EF0FD05D-630F-4FEB-93A2-D2F1BEADC6C9}.Release|Any CPU.ActiveCfg = Release|Any CPU
		{EF0FD05D-630F-4FEB-93A2-D2F1BEADC6C9}.Release|Any CPU.Build.0 = Release|Any CPU
	EndGlobalSection
	GlobalSection(SolutionProperties) = preSolution
		HideSolutionNode = FALSE
	EndGlobalSection
	GlobalSection(NestedProjects) = preSolution
		{717F6804-B06D-4351-999E-160B308C4FAC} = {4AF24B8F-9587-4406-B64D-96F3F3449CAF}
		{1B15F41E-EED6-4AF2-A6EB-E3A611E6ECF8} = {897CA167-46BA-442E-989E-E70075A2AA47}
		{DE10C897-7FD5-4656-9F0C-6F6EEC91CE9D} = {897CA167-46BA-442E-989E-E70075A2AA47}
		{4023B773-01EF-4E97-98D1-53DE830708EC} = {897CA167-46BA-442E-989E-E70075A2AA47}
		{8EF761F5-EEC1-4D41-9670-99A613794DD3} = {A5A7BBE5-14F4-4A74-A8D5-46778963BFBE}
		{9FE431F2-5DA5-4EFD-8A47-C464786E83D7} = {534ADD7B-AA4C-4CC2-9506-EE1E37E00F9D}
		{EF0FD05D-630F-4FEB-93A2-D2F1BEADC6C9} = {534ADD7B-AA4C-4CC2-9506-EE1E37E00F9D}
	EndGlobalSection
EndGlobal
